
Microsoft Visual Studio Solution File, Format Version 12.00
# Visual Studio Version 17
VisualStudioVersion = 17.13.35931.197
MinimumVisualStudioVersion = 10.0.40219.1
Project("{FAE04EC0-301F-11D3-BF4B-00C04F79EFBC}") = "JoinUp", "JoinUp.csproj", "{F46134B0-52E7-437A-9812-DF5903592471}"
EndProject
Project("{FAE04EC0-301F-11D3-BF4B-00C04F79EFBC}") = "TestProject4", "..\TestProject4\TestProject4.csproj", "{A2664673-BA9B-4DDC-A179-952941790653}"
EndProject
Global
	GlobalSection(SolutionConfigurationPlatforms) = preSolution
		Debug|Any CPU = Debug|Any CPU
		Release|Any CPU = Release|Any CPU
	EndGlobalSection
	GlobalSection(ProjectConfigurationPlatforms) = postSolution
		{F46134B0-52E7-437A-9812-DF5903592471}.Debug|Any CPU.ActiveCfg = Debug|Any CPU
		{F46134B0-52E7-437A-9812-DF5903592471}.Debug|Any CPU.Build.0 = Debug|Any CPU
		{F46134B0-52E7-437A-9812-DF5903592471}.Release|Any CPU.ActiveCfg = Release|Any CPU
		{F46134B0-52E7-437A-9812-DF5903592471}.Release|Any CPU.Build.0 = Release|Any CPU
		{A2664673-BA9B-4DDC-A179-952941790653}.Debug|Any CPU.ActiveCfg = Debug|Any CPU
		{A2664673-BA9B-4DDC-A179-952941790653}.Debug|Any CPU.Build.0 = Debug|Any CPU
		{A2664673-BA9B-4DDC-A179-952941790653}.Release|Any CPU.ActiveCfg = Release|Any CPU
		{A2664673-BA9B-4DDC-A179-952941790653}.Release|Any CPU.Build.0 = Release|Any CPU
	EndGlobalSection
	GlobalSection(SolutionProperties) = preSolution
		HideSolutionNode = FALSE
	EndGlobalSection
	GlobalSection(ExtensibilityGlobals) = postSolution
		SolutionGuid = {E9196D19-3543-4852-9A89-72F690FB88D3}
	EndGlobalSection
EndGlobal
